
Microsoft Visual Studio Solution File, Format Version 12.00
# Visual Studio Version 17
VisualStudioVersion = 17.11.35312.102
MinimumVisualStudioVersion = 10.0.40219.1
Project("{8BC9CEB8-8B4A-11D0-8D11-00A0C91BC942}") = "EMGParser", "EMGParser\EMGParser.vcxproj", "{EC54A3D3-B8CC-4671-9D47-6E35A12A244F}"
EndProject
Global
	GlobalSection(SolutionConfigurationPlatforms) = preSolution
		Debug|x64 = Debug|x64
		Debug|x86 = Debug|x86
		Release|x64 = Release|x64
		Release|x86 = Release|x86
	EndGlobalSection
	GlobalSection(ProjectConfigurationPlatforms) = postSolution
		{EC54A3D3-B8CC-4671-9D47-6E35A12A244F}.Debug|x64.ActiveCfg = Debug|Win32
		{EC54A3D3-B8CC-4671-9D47-6E35A12A244F}.Debug|x64.Build.0 = Debug|Win32
		{EC54A3D3-B8CC-4671-9D47-6E35A12A244F}.Debug|x86.ActiveCfg = Debug|Win32
		{EC54A3D3-B8CC-4671-9D47-6E35A12A244F}.Debug|x86.Build.0 = Debug|Win32
		{EC54A3D3-B8CC-4671-9D47-6E35A12A244F}.Release|x64.ActiveCfg = Release|x64
		{EC54A3D3-B8CC-4671-9D47-6E35A12A244F}.Release|x64.Build.0 = Release|x64
		{EC54A3D3-B8CC-4671-9D47-6E35A12A244F}.Release|x86.ActiveCfg = Release|Win32
		{EC54A3D3-B8CC-4671-9D47-6E35A12A244F}.Release|x86.Build.0 = Release|Win32
	EndGlobalSection
	GlobalSection(SolutionProperties) = preSolution
		HideSolutionNode = FALSE
	EndGlobalSection
	GlobalSection(ExtensibilityGlobals) = postSolution
		SolutionGuid = {47EDB303-9C0C-4B64-A973-474E224B92B9}
	EndGlobalSection
EndGlobal
